// !$*UTF8*$!
{
	archiveVersion = 1;
	classes = {
	};
	objectVersion = 46;
	objects = {

/* Begin PBXBuildFile section */
		043706A91F96849B00E87942 /* API42Delegate.swift in Sources */ = {isa = PBXBuildFile; fileRef = 043706A81F96849B00E87942 /* API42Delegate.swift */; };
		1FBE387F1E7ACC0035C9853F /* Pods_swiftyCompanion.framework in Frameworks */ = {isa = PBXBuildFile; fileRef = 080A4D0112350AB897127901 /* Pods_swiftyCompanion.framework */; };
		A30637E91F94D1DB00330854 /* AppDelegate.swift in Sources */ = {isa = PBXBuildFile; fileRef = A30637E81F94D1DB00330854 /* AppDelegate.swift */; };
		A30637EB1F94D1DB00330854 /* ViewController.swift in Sources */ = {isa = PBXBuildFile; fileRef = A30637EA1F94D1DB00330854 /* ViewController.swift */; };
		A30637EE1F94D1DC00330854 /* Main.storyboard in Resources */ = {isa = PBXBuildFile; fileRef = A30637EC1F94D1DC00330854 /* Main.storyboard */; };
		A30637F01F94D1DC00330854 /* Assets.xcassets in Resources */ = {isa = PBXBuildFile; fileRef = A30637EF1F94D1DC00330854 /* Assets.xcassets */; };
		A30637F31F94D1DC00330854 /* LaunchScreen.storyboard in Resources */ = {isa = PBXBuildFile; fileRef = A30637F11F94D1DC00330854 /* LaunchScreen.storyboard */; };
		A3565B061F961CD800A3809F /* API42Controller.swift in Sources */ = {isa = PBXBuildFile; fileRef = A3565B051F961CD800A3809F /* API42Controller.swift */; };
		A3565B081F9624AA00A3809F /* myConst.swift in Sources */ = {isa = PBXBuildFile; fileRef = A3565B071F9624AA00A3809F /* myConst.swift */; };
/* End PBXBuildFile section */

/* Begin PBXFileReference section */
		043706A81F96849B00E87942 /* API42Delegate.swift */ = {isa = PBXFileReference; lastKnownFileType = sourcecode.swift; path = API42Delegate.swift; sourceTree = "<group>"; };
		080A4D0112350AB897127901 /* Pods_swiftyCompanion.framework */ = {isa = PBXFileReference; explicitFileType = wrapper.framework; includeInIndex = 0; path = Pods_swiftyCompanion.framework; sourceTree = BUILT_PRODUCTS_DIR; };
		89665FF52FD1D1EC3745DD0D /* Pods-swiftyCompanion.debug.xcconfig */ = {isa = PBXFileReference; includeInIndex = 1; lastKnownFileType = text.xcconfig; name = "Pods-swiftyCompanion.debug.xcconfig"; path = "Pods/Target Support Files/Pods-swiftyCompanion/Pods-swiftyCompanion.debug.xcconfig"; sourceTree = "<group>"; };
		A30637E51F94D1DB00330854 /* swiftyCompanion.app */ = {isa = PBXFileReference; explicitFileType = wrapper.application; includeInIndex = 0; path = swiftyCompanion.app; sourceTree = BUILT_PRODUCTS_DIR; };
		A30637E81F94D1DB00330854 /* AppDelegate.swift */ = {isa = PBXFileReference; lastKnownFileType = sourcecode.swift; path = AppDelegate.swift; sourceTree = "<group>"; };
		A30637EA1F94D1DB00330854 /* ViewController.swift */ = {isa = PBXFileReference; lastKnownFileType = sourcecode.swift; path = ViewController.swift; sourceTree = "<group>"; };
		A30637ED1F94D1DC00330854 /* Base */ = {isa = PBXFileReference; lastKnownFileType = file.storyboard; name = Base; path = Base.lproj/Main.storyboard; sourceTree = "<group>"; };
		A30637EF1F94D1DC00330854 /* Assets.xcassets */ = {isa = PBXFileReference; lastKnownFileType = folder.assetcatalog; path = Assets.xcassets; sourceTree = "<group>"; };
		A30637F21F94D1DC00330854 /* Base */ = {isa = PBXFileReference; lastKnownFileType = file.storyboard; name = Base; path = Base.lproj/LaunchScreen.storyboard; sourceTree = "<group>"; };
		A30637F41F94D1DC00330854 /* Info.plist */ = {isa = PBXFileReference; lastKnownFileType = text.plist.xml; path = Info.plist; sourceTree = "<group>"; };
		A3565B051F961CD800A3809F /* API42Controller.swift */ = {isa = PBXFileReference; fileEncoding = 4; lastKnownFileType = sourcecode.swift; path = API42Controller.swift; sourceTree = "<group>"; };
		A3565B071F9624AA00A3809F /* myConst.swift */ = {isa = PBXFileReference; fileEncoding = 4; lastKnownFileType = sourcecode.swift; path = myConst.swift; sourceTree = "<group>"; };
		CC11C826ADDEFCD9CC3DF3B8 /* Pods-swiftyCompanion.release.xcconfig */ = {isa = PBXFileReference; includeInIndex = 1; lastKnownFileType = text.xcconfig; name = "Pods-swiftyCompanion.release.xcconfig"; path = "Pods/Target Support Files/Pods-swiftyCompanion/Pods-swiftyCompanion.release.xcconfig"; sourceTree = "<group>"; };
/* End PBXFileReference section */

/* Begin PBXFrameworksBuildPhase section */
		A30637E21F94D1DB00330854 /* Frameworks */ = {
			isa = PBXFrameworksBuildPhase;
			buildActionMask = 2147483647;
			files = (
				1FBE387F1E7ACC0035C9853F /* Pods_swiftyCompanion.framework in Frameworks */,
			);
			runOnlyForDeploymentPostprocessing = 0;
		};
/* End PBXFrameworksBuildPhase section */

/* Begin PBXGroup section */
		37508C02B3D8E5D15953A373 /* Pods */ = {
			isa = PBXGroup;
			children = (
				89665FF52FD1D1EC3745DD0D /* Pods-swiftyCompanion.debug.xcconfig */,
				CC11C826ADDEFCD9CC3DF3B8 /* Pods-swiftyCompanion.release.xcconfig */,
			);
			name = Pods;
			sourceTree = "<group>";
		};
		3B80F8A19BD81F37CB2F3169 /* Frameworks */ = {
			isa = PBXGroup;
			children = (
				080A4D0112350AB897127901 /* Pods_swiftyCompanion.framework */,
			);
			name = Frameworks;
			sourceTree = "<group>";
		};
		A30637DC1F94D1DB00330854 = {
			isa = PBXGroup;
			children = (
				A30637E71F94D1DB00330854 /* swiftyCompanion */,
				A30637E61F94D1DB00330854 /* Products */,
				37508C02B3D8E5D15953A373 /* Pods */,
				3B80F8A19BD81F37CB2F3169 /* Frameworks */,
			);
			sourceTree = "<group>";
		};
		A30637E61F94D1DB00330854 /* Products */ = {
			isa = PBXGroup;
			children = (
				A30637E51F94D1DB00330854 /* swiftyCompanion.app */,
			);
			name = Products;
			sourceTree = "<group>";
		};
		A30637E71F94D1DB00330854 /* swiftyCompanion */ = {
			isa = PBXGroup;
			children = (
				A30637E81F94D1DB00330854 /* AppDelegate.swift */,
				A30637EA1F94D1DB00330854 /* ViewController.swift */,
				043706A81F96849B00E87942 /* API42Delegate.swift */,
				A3565B051F961CD800A3809F /* API42Controller.swift */,
				A3565B071F9624AA00A3809F /* myConst.swift */,
				A30637EC1F94D1DC00330854 /* Main.storyboard */,
				A30637EF1F94D1DC00330854 /* Assets.xcassets */,
				A30637F11F94D1DC00330854 /* LaunchScreen.storyboard */,
				A30637F41F94D1DC00330854 /* Info.plist */,
			);
			path = swiftyCompanion;
			sourceTree = "<group>";
		};
/* End PBXGroup section */

/* Begin PBXNativeTarget section */
		A30637E41F94D1DB00330854 /* swiftyCompanion */ = {
			isa = PBXNativeTarget;
			buildConfigurationList = A30637F71F94D1DC00330854 /* Build configuration list for PBXNativeTarget "swiftyCompanion" */;
			buildPhases = (
				D4D068A6B774D52E1BC1277B /* [CP] Check Pods Manifest.lock */,
				A30637E11F94D1DB00330854 /* Sources */,
				A30637E21F94D1DB00330854 /* Frameworks */,
				A30637E31F94D1DB00330854 /* Resources */,
				D4492B73896A0B8595AA84B3 /* [CP] Embed Pods Frameworks */,
				E91C6E006CAFA156417B2C5F /* [CP] Copy Pods Resources */,
			);
			buildRules = (
			);
			dependencies = (
			);
			name = swiftyCompanion;
			productName = swiftyCompanion;
			productReference = A30637E51F94D1DB00330854 /* swiftyCompanion.app */;
			productType = "com.apple.product-type.application";
		};
/* End PBXNativeTarget section */

/* Begin PBXProject section */
		A30637DD1F94D1DB00330854 /* Project object */ = {
			isa = PBXProject;
			attributes = {
				LastSwiftUpdateCheck = 0830;
				LastUpgradeCheck = 0830;
				ORGANIZATIONNAME = "Martin SIREAU";
				TargetAttributes = {
					A30637E41F94D1DB00330854 = {
						CreatedOnToolsVersion = 8.3.3;
						ProvisioningStyle = Automatic;
					};
				};
			};
			buildConfigurationList = A30637E01F94D1DB00330854 /* Build configuration list for PBXProject "swiftyCompanion" */;
			compatibilityVersion = "Xcode 3.2";
			developmentRegion = English;
			hasScannedForEncodings = 0;
			knownRegions = (
				en,
				Base,
			);
			mainGroup = A30637DC1F94D1DB00330854;
			productRefGroup = A30637E61F94D1DB00330854 /* Products */;
			projectDirPath = "";
			projectRoot = "";
			targets = (
				A30637E41F94D1DB00330854 /* swiftyCompanion */,
			);
		};
/* End PBXProject section */

/* Begin PBXResourcesBuildPhase section */
		A30637E31F94D1DB00330854 /* Resources */ = {
			isa = PBXResourcesBuildPhase;
			buildActionMask = 2147483647;
			files = (
				A30637F31F94D1DC00330854 /* LaunchScreen.storyboard in Resources */,
				A30637F01F94D1DC00330854 /* Assets.xcassets in Resources */,
				A30637EE1F94D1DC00330854 /* Main.storyboard in Resources */,
			);
			runOnlyForDeploymentPostprocessing = 0;
		};
/* End PBXResourcesBuildPhase section */

/* Begin PBXShellScriptBuildPhase section */
		D4492B73896A0B8595AA84B3 /* [CP] Embed Pods Frameworks */ = {
			isa = PBXShellScriptBuildPhase;
			buildActionMask = 2147483647;
			files = (
			);
			inputPaths = (
				"${SRCROOT}/Pods/Target Support Files/Pods-swiftyCompanion/Pods-swiftyCompanion-frameworks.sh",
				"${BUILT_PRODUCTS_DIR}/Alamofire/Alamofire.framework",
			);
			name = "[CP] Embed Pods Frameworks";
			outputPaths = (
				"${TARGET_BUILD_DIR}/${FRAMEWORKS_FOLDER_PATH}/Alamofire.framework",
			);
			runOnlyForDeploymentPostprocessing = 0;
			shellPath = /bin/sh;
			shellScript = "\"${SRCROOT}/Pods/Target Support Files/Pods-swiftyCompanion/Pods-swiftyCompanion-frameworks.sh\"\n";
			showEnvVarsInLog = 0;
		};
		D4D068A6B774D52E1BC1277B /* [CP] Check Pods Manifest.lock */ = {
			isa = PBXShellScriptBuildPhase;
			buildActionMask = 2147483647;
			files = (
			);
			inputPaths = (
				"${PODS_PODFILE_DIR_PATH}/Podfile.lock",
				"${PODS_ROOT}/Manifest.lock",
			);
			name = "[CP] Check Pods Manifest.lock";
			outputPaths = (
				"$(DERIVED_FILE_DIR)/Pods-swiftyCompanion-checkManifestLockResult.txt",
			);
			runOnlyForDeploymentPostprocessing = 0;
			shellPath = /bin/sh;
			shellScript = "diff \"${PODS_PODFILE_DIR_PATH}/Podfile.lock\" \"${PODS_ROOT}/Manifest.lock\" > /dev/null\nif [ $? != 0 ] ; then\n    # print error to STDERR\n    echo \"error: The sandbox is not in sync with the Podfile.lock. Run 'pod install' or update your CocoaPods installation.\" >&2\n    exit 1\nfi\n# This output is used by Xcode 'outputs' to avoid re-running this script phase.\necho \"SUCCESS\" > \"${SCRIPT_OUTPUT_FILE_0}\"\n";
			showEnvVarsInLog = 0;
		};
		E91C6E006CAFA156417B2C5F /* [CP] Copy Pods Resources */ = {
			isa = PBXShellScriptBuildPhase;
			buildActionMask = 2147483647;
			files = (
			);
			inputPaths = (
			);
			name = "[CP] Copy Pods Resources";
			outputPaths = (
			);
			runOnlyForDeploymentPostprocessing = 0;
			shellPath = /bin/sh;
			shellScript = "\"${SRCROOT}/Pods/Target Support Files/Pods-swiftyCompanion/Pods-swiftyCompanion-resources.sh\"\n";
			showEnvVarsInLog = 0;
		};
/* End PBXShellScriptBuildPhase section */

/* Begin PBXSourcesBuildPhase section */
		A30637E11F94D1DB00330854 /* Sources */ = {
			isa = PBXSourcesBuildPhase;
			buildActionMask = 2147483647;
			files = (
				A30637EB1F94D1DB00330854 /* ViewController.swift in Sources */,
				A3565B081F9624AA00A3809F /* myConst.swift in Sources */,
				A3565B061F961CD800A3809F /* API42Controller.swift in Sources */,
				043706A91F96849B00E87942 /* API42Delegate.swift in Sources */,
				A30637E91F94D1DB00330854 /* AppDelegate.swift in Sources */,
			);
			runOnlyForDeploymentPostprocessing = 0;
		};
/* End PBXSourcesBuildPhase section */

/* Begin PBXVariantGroup section */
		A30637EC1F94D1DC00330854 /* Main.storyboard */ = {
			isa = PBXVariantGroup;
			children = (
				A30637ED1F94D1DC00330854 /* Base */,
			);
			name = Main.storyboard;
			sourceTree = "<group>";
		};
		A30637F11F94D1DC00330854 /* LaunchScreen.storyboard */ = {
			isa = PBXVariantGroup;
			children = (
				A30637F21F94D1DC00330854 /* Base */,
			);
			name = LaunchScreen.storyboard;
			sourceTree = "<group>";
		};
/* End PBXVariantGroup section */

/* Begin XCBuildConfiguration section */
		A30637F51F94D1DC00330854 /* Debug */ = {
			isa = XCBuildConfiguration;
			buildSettings = {
				ALWAYS_SEARCH_USER_PATHS = NO;
				CLANG_ANALYZER_NONNULL = YES;
				CLANG_ANALYZER_NUMBER_OBJECT_CONVERSION = YES_AGGRESSIVE;
				CLANG_CXX_LANGUAGE_STANDARD = "gnu++0x";
				CLANG_CXX_LIBRARY = "libc++";
				CLANG_ENABLE_MODULES = YES;
				CLANG_ENABLE_OBJC_ARC = YES;
				CLANG_WARN_BOOL_CONVERSION = YES;
				CLANG_WARN_CONSTANT_CONVERSION = YES;
				CLANG_WARN_DIRECT_OBJC_ISA_USAGE = YES_ERROR;
				CLANG_WARN_DOCUMENTATION_COMMENTS = YES;
				CLANG_WARN_EMPTY_BODY = YES;
				CLANG_WARN_ENUM_CONVERSION = YES;
				CLANG_WARN_INFINITE_RECURSION = YES;
				CLANG_WARN_INT_CONVERSION = YES;
				CLANG_WARN_OBJC_ROOT_CLASS = YES_ERROR;
				CLANG_WARN_SUSPICIOUS_MOVE = YES;
				CLANG_WARN_UNREACHABLE_CODE = YES;
				CLANG_WARN__DUPLICATE_METHOD_MATCH = YES;
				"CODE_SIGN_IDENTITY[sdk=iphoneos*]" = "iPhone Developer";
				COPY_PHASE_STRIP = NO;
				DEBUG_INFORMATION_FORMAT = dwarf;
				ENABLE_STRICT_OBJC_MSGSEND = YES;
				ENABLE_TESTABILITY = YES;
				GCC_C_LANGUAGE_STANDARD = gnu99;
				GCC_DYNAMIC_NO_PIC = NO;
				GCC_NO_COMMON_BLOCKS = YES;
				GCC_OPTIMIZATION_LEVEL = 0;
				GCC_PREPROCESSOR_DEFINITIONS = (
					"DEBUG=1",
					"$(inherited)",
				);
				GCC_WARN_64_TO_32_BIT_CONVERSION = YES;
				GCC_WARN_ABOUT_RETURN_TYPE = YES_ERROR;
				GCC_WARN_UNDECLARED_SELECTOR = YES;
				GCC_WARN_UNINITIALIZED_AUTOS = YES_AGGRESSIVE;
				GCC_WARN_UNUSED_FUNCTION = YES;
				GCC_WARN_UNUSED_VARIABLE = YES;
				IPHONEOS_DEPLOYMENT_TARGET = 10.3;
				MTL_ENABLE_DEBUG_INFO = YES;
				ONLY_ACTIVE_ARCH = YES;
				SDKROOT = iphoneos;
				SWIFT_ACTIVE_COMPILATION_CONDITIONS = DEBUG;
				SWIFT_OPTIMIZATION_LEVEL = "-Onone";
				TARGETED_DEVICE_FAMILY = "1,2";
			};
			name = Debug;
		};
		A30637F61F94D1DC00330854 /* Release */ = {
			isa = XCBuildConfiguration;
			buildSettings = {
				ALWAYS_SEARCH_USER_PATHS = NO;
				CLANG_ANALYZER_NONNULL = YES;
				CLANG_ANALYZER_NUMBER_OBJECT_CONVERSION = YES_AGGRESSIVE;
				CLANG_CXX_LANGUAGE_STANDARD = "gnu++0x";
				CLANG_CXX_LIBRARY = "libc++";
				CLANG_ENABLE_MODULES = YES;
				CLANG_ENABLE_OBJC_ARC = YES;
				CLANG_WARN_BOOL_CONVERSION = YES;
				CLANG_WARN_CONSTANT_CONVERSION = YES;
				CLANG_WARN_DIRECT_OBJC_ISA_USAGE = YES_ERROR;
				CLANG_WARN_DOCUMENTATION_COMMENTS = YES;
				CLANG_WARN_EMPTY_BODY = YES;
				CLANG_WARN_ENUM_CONVERSION = YES;
				CLANG_WARN_INFINITE_RECURSION = YES;
				CLANG_WARN_INT_CONVERSION = YES;
				CLANG_WARN_OBJC_ROOT_CLASS = YES_ERROR;
				CLANG_WARN_SUSPICIOUS_MOVE = YES;
				CLANG_WARN_UNREACHABLE_CODE = YES;
				CLANG_WARN__DUPLICATE_METHOD_MATCH = YES;
				"CODE_SIGN_IDENTITY[sdk=iphoneos*]" = "iPhone Developer";
				COPY_PHASE_STRIP = NO;
				DEBUG_INFORMATION_FORMAT = "dwarf-with-dsym";
				ENABLE_NS_ASSERTIONS = NO;
				ENABLE_STRICT_OBJC_MSGSEND = YES;
				GCC_C_LANGUAGE_STANDARD = gnu99;
				GCC_NO_COMMON_BLOCKS = YES;
				GCC_WARN_64_TO_32_BIT_CONVERSION = YES;
				GCC_WARN_ABOUT_RETURN_TYPE = YES_ERROR;
				GCC_WARN_UNDECLARED_SELECTOR = YES;
				GCC_WARN_UNINITIALIZED_AUTOS = YES_AGGRESSIVE;
				GCC_WARN_UNUSED_FUNCTION = YES;
				GCC_WARN_UNUSED_VARIABLE = YES;
				IPHONEOS_DEPLOYMENT_TARGET = 10.3;
				MTL_ENABLE_DEBUG_INFO = NO;
				SDKROOT = iphoneos;
				SWIFT_OPTIMIZATION_LEVEL = "-Owholemodule";
				TARGETED_DEVICE_FAMILY = "1,2";
				VALIDATE_PRODUCT = YES;
			};
			name = Release;
		};
		A30637F81F94D1DC00330854 /* Debug */ = {
			isa = XCBuildConfiguration;
			baseConfigurationReference = 89665FF52FD1D1EC3745DD0D /* Pods-swiftyCompanion.debug.xcconfig */;
			buildSettings = {
				ASSETCATALOG_COMPILER_APPICON_NAME = AppIcon;
				INFOPLIST_FILE = swiftyCompanion/Info.plist;
				LD_RUNPATH_SEARCH_PATHS = "$(inherited) @executable_path/Frameworks";
				PRODUCT_BUNDLE_IDENTIFIER = "-2.swiftyCompanion";
				PRODUCT_NAME = "$(TARGET_NAME)";
				SWIFT_VERSION = 3.0;
			};
			name = Debug;
		};
		A30637F91F94D1DC00330854 /* Release */ = {
			isa = XCBuildConfiguration;
			baseConfigurationReference = CC11C826ADDEFCD9CC3DF3B8 /* Pods-swiftyCompanion.release.xcconfig */;
			buildSettings = {
				ASSETCATALOG_COMPILER_APPICON_NAME = AppIcon;
				INFOPLIST_FILE = swiftyCompanion/Info.plist;
				LD_RUNPATH_SEARCH_PATHS = "$(inherited) @executable_path/Frameworks";
				PRODUCT_BUNDLE_IDENTIFIER = "-2.swiftyCompanion";
				PRODUCT_NAME = "$(TARGET_NAME)";
				SWIFT_VERSION = 3.0;
			};
			name = Release;
		};
/* End XCBuildConfiguration section */

/* Begin XCConfigurationList section */
		A30637E01F94D1DB00330854 /* Build configuration list for PBXProject "swiftyCompanion" */ = {
			isa = XCConfigurationList;
			buildConfigurations = (
				A30637F51F94D1DC00330854 /* Debug */,
				A30637F61F94D1DC00330854 /* Release */,
			);
			defaultConfigurationIsVisible = 0;
			defaultConfigurationName = Release;
		};
		A30637F71F94D1DC00330854 /* Build configuration list for PBXNativeTarget "swiftyCompanion" */ = {
			isa = XCConfigurationList;
			buildConfigurations = (
				A30637F81F94D1DC00330854 /* Debug */,
				A30637F91F94D1DC00330854 /* Release */,
			);
			defaultConfigurationIsVisible = 0;
			defaultConfigurationName = Release;
		};
/* End XCConfigurationList section */
	};
	rootObject = A30637DD1F94D1DB00330854 /* Project object */;
}
